
Microsoft Visual Studio Solution File, Format Version 12.00
# Visual Studio Version 16
VisualStudioVersion = 16.0.31025.194
MinimumVisualStudioVersion = 10.0.40219.1
Project("{FAE04EC0-301F-11D3-BF4B-00C04F79EFBC}") = "Test", "Test\Test.csproj", "{A6C71987-1876-489D-9F4A-44D928DDD1EB}"
EndProject
Global
	GlobalSection(SolutionConfigurationPlatforms) = preSolution
		Debug|Any CPU = Debug|Any CPU
		Release|Any CPU = Release|Any CPU
	EndGlobalSection
	GlobalSection(ProjectConfigurationPlatforms) = postSolution
		{A6C71987-1876-489D-9F4A-44D928DDD1EB}.Debug|Any CPU.ActiveCfg = Debug|Any CPU
		{A6C71987-1876-489D-9F4A-44D928DDD1EB}.Debug|Any CPU.Build.0 = Debug|Any CPU
		{A6C71987-1876-489D-9F4A-44D928DDD1EB}.Release|Any CPU.ActiveCfg = Release|Any CPU
		{A6C71987-1876-489D-9F4A-44D928DDD1EB}.Release|Any CPU.Build.0 = Release|Any CPU
	EndGlobalSection
	GlobalSection(SolutionProperties) = preSolution
		HideSolutionNode = FALSE
	EndGlobalSection
	GlobalSection(ExtensibilityGlobals) = postSolution
		SolutionGuid = {E3C6FB1C-58A7-4ACA-97FD-E233E124484C}
	EndGlobalSection
EndGlobal
