
Microsoft Visual Studio Solution File, Format Version 12.00
# Visual Studio Version 16
VisualStudioVersion = 16.0.31025.194
MinimumVisualStudioVersion = 10.0.40219.1
Project("{FAE04EC0-301F-11D3-BF4B-00C04F79EFBC}") = "fibo", "fibo\fibo.csproj", "{EA61B1D8-6E66-4A1C-AC35-8CF58972C12F}"
EndProject
Global
	GlobalSection(SolutionConfigurationPlatforms) = preSolution
		Debug|Any CPU = Debug|Any CPU
		Release|Any CPU = Release|Any CPU
	EndGlobalSection
	GlobalSection(ProjectConfigurationPlatforms) = postSolution
		{EA61B1D8-6E66-4A1C-AC35-8CF58972C12F}.Debug|Any CPU.ActiveCfg = Debug|Any CPU
		{EA61B1D8-6E66-4A1C-AC35-8CF58972C12F}.Debug|Any CPU.Build.0 = Debug|Any CPU
		{EA61B1D8-6E66-4A1C-AC35-8CF58972C12F}.Release|Any CPU.ActiveCfg = Release|Any CPU
		{EA61B1D8-6E66-4A1C-AC35-8CF58972C12F}.Release|Any CPU.Build.0 = Release|Any CPU
	EndGlobalSection
	GlobalSection(SolutionProperties) = preSolution
		HideSolutionNode = FALSE
	EndGlobalSection
	GlobalSection(ExtensibilityGlobals) = postSolution
		SolutionGuid = {0C0E7DBE-51CA-4F16-9362-51677269BFDB}
	EndGlobalSection
EndGlobal
