
Microsoft Visual Studio Solution File, Format Version 12.00
# Visual Studio Version 16
VisualStudioVersion = 16.0.31025.194
MinimumVisualStudioVersion = 10.0.40219.1
Project("{FAE04EC0-301F-11D3-BF4B-00C04F79EFBC}") = "CS Programming", "CS Programming\CS Programming.csproj", "{80E02B7F-D88E-4E0C-90E3-7C3C10731C49}"
EndProject
Global
	GlobalSection(SolutionConfigurationPlatforms) = preSolution
		Debug|Any CPU = Debug|Any CPU
		Release|Any CPU = Release|Any CPU
	EndGlobalSection
	GlobalSection(ProjectConfigurationPlatforms) = postSolution
		{80E02B7F-D88E-4E0C-90E3-7C3C10731C49}.Debug|Any CPU.ActiveCfg = Debug|Any CPU
		{80E02B7F-D88E-4E0C-90E3-7C3C10731C49}.Debug|Any CPU.Build.0 = Debug|Any CPU
		{80E02B7F-D88E-4E0C-90E3-7C3C10731C49}.Release|Any CPU.ActiveCfg = Release|Any CPU
		{80E02B7F-D88E-4E0C-90E3-7C3C10731C49}.Release|Any CPU.Build.0 = Release|Any CPU
	EndGlobalSection
	GlobalSection(SolutionProperties) = preSolution
		HideSolutionNode = FALSE
	EndGlobalSection
	GlobalSection(ExtensibilityGlobals) = postSolution
		SolutionGuid = {F9BA13E9-0253-4C11-A0D9-1D25B18E9F36}
	EndGlobalSection
EndGlobal
