
Microsoft Visual Studio Solution File, Format Version 12.00
# Visual Studio Version 16
VisualStudioVersion = 16.0.31025.194
MinimumVisualStudioVersion = 10.0.40219.1
Project("{FAE04EC0-301F-11D3-BF4B-00C04F79EFBC}") = "postfix", "postfix\postfix.csproj", "{5A296DBE-3DA1-4082-8B3B-FCD207502308}"
EndProject
Global
	GlobalSection(SolutionConfigurationPlatforms) = preSolution
		Debug|Any CPU = Debug|Any CPU
		Release|Any CPU = Release|Any CPU
	EndGlobalSection
	GlobalSection(ProjectConfigurationPlatforms) = postSolution
		{5A296DBE-3DA1-4082-8B3B-FCD207502308}.Debug|Any CPU.ActiveCfg = Debug|Any CPU
		{5A296DBE-3DA1-4082-8B3B-FCD207502308}.Debug|Any CPU.Build.0 = Debug|Any CPU
		{5A296DBE-3DA1-4082-8B3B-FCD207502308}.Release|Any CPU.ActiveCfg = Release|Any CPU
		{5A296DBE-3DA1-4082-8B3B-FCD207502308}.Release|Any CPU.Build.0 = Release|Any CPU
	EndGlobalSection
	GlobalSection(SolutionProperties) = preSolution
		HideSolutionNode = FALSE
	EndGlobalSection
	GlobalSection(ExtensibilityGlobals) = postSolution
		SolutionGuid = {637E1DD1-2F90-49B6-8506-46EBB4BCA183}
	EndGlobalSection
EndGlobal
