
Microsoft Visual Studio Solution File, Format Version 12.00
# Visual Studio Version 16
VisualStudioVersion = 16.0.31025.194
MinimumVisualStudioVersion = 10.0.40219.1
Project("{FAE04EC0-301F-11D3-BF4B-00C04F79EFBC}") = "ConsoleApp1", "ConsoleApp1\ConsoleApp1.csproj", "{64AC8ED2-0621-482A-A899-75A418187ABD}"
EndProject
Global
	GlobalSection(SolutionConfigurationPlatforms) = preSolution
		Debug|Any CPU = Debug|Any CPU
		Release|Any CPU = Release|Any CPU
	EndGlobalSection
	GlobalSection(ProjectConfigurationPlatforms) = postSolution
		{64AC8ED2-0621-482A-A899-75A418187ABD}.Debug|Any CPU.ActiveCfg = Debug|Any CPU
		{64AC8ED2-0621-482A-A899-75A418187ABD}.Debug|Any CPU.Build.0 = Debug|Any CPU
		{64AC8ED2-0621-482A-A899-75A418187ABD}.Release|Any CPU.ActiveCfg = Release|Any CPU
		{64AC8ED2-0621-482A-A899-75A418187ABD}.Release|Any CPU.Build.0 = Release|Any CPU
	EndGlobalSection
	GlobalSection(SolutionProperties) = preSolution
		HideSolutionNode = FALSE
	EndGlobalSection
	GlobalSection(ExtensibilityGlobals) = postSolution
		SolutionGuid = {6CB5469A-AEEA-406A-B50C-0CCC3818700F}
	EndGlobalSection
EndGlobal
