
Microsoft Visual Studio Solution File, Format Version 12.00
# Visual Studio Version 16
VisualStudioVersion = 16.0.31025.194
MinimumVisualStudioVersion = 10.0.40219.1
Project("{FAE04EC0-301F-11D3-BF4B-00C04F79EFBC}") = "Test", "Test\Test.csproj", "{219DAD6C-83E4-4FFD-9993-8A89896E67CD}"
EndProject
Global
	GlobalSection(SolutionConfigurationPlatforms) = preSolution
		Debug|Any CPU = Debug|Any CPU
		Release|Any CPU = Release|Any CPU
	EndGlobalSection
	GlobalSection(ProjectConfigurationPlatforms) = postSolution
		{219DAD6C-83E4-4FFD-9993-8A89896E67CD}.Debug|Any CPU.ActiveCfg = Debug|Any CPU
		{219DAD6C-83E4-4FFD-9993-8A89896E67CD}.Debug|Any CPU.Build.0 = Debug|Any CPU
		{219DAD6C-83E4-4FFD-9993-8A89896E67CD}.Release|Any CPU.ActiveCfg = Release|Any CPU
		{219DAD6C-83E4-4FFD-9993-8A89896E67CD}.Release|Any CPU.Build.0 = Release|Any CPU
	EndGlobalSection
	GlobalSection(SolutionProperties) = preSolution
		HideSolutionNode = FALSE
	EndGlobalSection
	GlobalSection(ExtensibilityGlobals) = postSolution
		SolutionGuid = {985BF516-D5FE-4EE0-9FEE-A0B2CC15AEE4}
	EndGlobalSection
EndGlobal
