
Microsoft Visual Studio Solution File, Format Version 12.00
# Visual Studio Version 16
VisualStudioVersion = 16.0.31025.194
MinimumVisualStudioVersion = 10.0.40219.1
Project("{FAE04EC0-301F-11D3-BF4B-00C04F79EFBC}") = "Point", "Point\Point.csproj", "{6CE698CC-7100-4942-A9EA-55EAF9990139}"
EndProject
Global
	GlobalSection(SolutionConfigurationPlatforms) = preSolution
		Debug|Any CPU = Debug|Any CPU
		Release|Any CPU = Release|Any CPU
	EndGlobalSection
	GlobalSection(ProjectConfigurationPlatforms) = postSolution
		{6CE698CC-7100-4942-A9EA-55EAF9990139}.Debug|Any CPU.ActiveCfg = Debug|Any CPU
		{6CE698CC-7100-4942-A9EA-55EAF9990139}.Debug|Any CPU.Build.0 = Debug|Any CPU
		{6CE698CC-7100-4942-A9EA-55EAF9990139}.Release|Any CPU.ActiveCfg = Release|Any CPU
		{6CE698CC-7100-4942-A9EA-55EAF9990139}.Release|Any CPU.Build.0 = Release|Any CPU
	EndGlobalSection
	GlobalSection(SolutionProperties) = preSolution
		HideSolutionNode = FALSE
	EndGlobalSection
	GlobalSection(ExtensibilityGlobals) = postSolution
		SolutionGuid = {3931F592-58E4-4772-8ADB-DB44423968DA}
	EndGlobalSection
EndGlobal
